
Microsoft Visual Studio Solution File, Format Version 12.00
# Visual Studio Version 16
VisualStudioVersion = 16.0.30413.136
MinimumVisualStudioVersion = 10.0.40219.1
Project("{FAE04EC0-301F-11D3-BF4B-00C04F79EFBC}") = "ClientProxy-P4-20170140096", "ClientProxy-P4-20170140096\ClientProxy-P4-20170140096.csproj", "{47F97FA0-D42F-4833-BBA0-099B7C999AB4}"
EndProject
Global
	GlobalSection(SolutionConfigurationPlatforms) = preSolution
		Debug|Any CPU = Debug|Any CPU
		Release|Any CPU = Release|Any CPU
	EndGlobalSection
	GlobalSection(ProjectConfigurationPlatforms) = postSolution
		{47F97FA0-D42F-4833-BBA0-099B7C999AB4}.Debug|Any CPU.ActiveCfg = Debug|Any CPU
		{47F97FA0-D42F-4833-BBA0-099B7C999AB4}.Debug|Any CPU.Build.0 = Debug|Any CPU
		{47F97FA0-D42F-4833-BBA0-099B7C999AB4}.Release|Any CPU.ActiveCfg = Release|Any CPU
		{47F97FA0-D42F-4833-BBA0-099B7C999AB4}.Release|Any CPU.Build.0 = Release|Any CPU
	EndGlobalSection
	GlobalSection(SolutionProperties) = preSolution
		HideSolutionNode = FALSE
	EndGlobalSection
	GlobalSection(ExtensibilityGlobals) = postSolution
		SolutionGuid = {B3BB98D5-3F12-4A58-AF10-2BA14D99C376}
	EndGlobalSection
EndGlobal
